PATH
  remote: .
  specs:
    crspec (0.1.0)
      prism (>= 0.19.0)

GEM
  remote: https://rubygems.org/
  specs:
    minitest (5.27.0)
    prism (1.9.0)
    rake (13.4.2)

PLATFORMS
  arm64-darwin-23
  ruby

DEPENDENCIES
  crspec!
  minitest (~> 5.20)
  rake (~> 13.0)

CHECKSUMS
  crspec (0.1.0)
  minitest (5.27.0)
  prism (1.9.0)
  rake (13.4.2)

BUNDLED WITH
  4.0.10
